
Microsoft Visual Studio Solution File, Format Version 12.00
# Visual Studio Version 16
VisualStudioVersion = 16.0.29025.244
MinimumVisualStudioVersion = 10.0.40219.1
Project("{9A19103F-16F7-4668-BE54-9A1E7A4F7556}") = "RoadToAPI", "RoadToAPI\RoadToAPI.csproj", "{25611BB7-E557-4655-B993-89E36C2889C1}"
EndProject
Global
	GlobalSection(SolutionConfigurationPlatforms) = preSolution
		Debug|Any CPU = Debug|Any CPU
		Release|Any CPU = Release|Any CPU
	EndGlobalSection
	GlobalSection(ProjectConfigurationPlatforms) = postSolution
		{25611BB7-E557-4655-B993-89E36C2889C1}.Debug|Any CPU.ActiveCfg = Debug|Any CPU
		{25611BB7-E557-4655-B993-89E36C2889C1}.Debug|Any CPU.Build.0 = Debug|Any CPU
		{25611BB7-E557-4655-B993-89E36C2889C1}.Release|Any CPU.ActiveCfg = Release|Any CPU
		{25611BB7-E557-4655-B993-89E36C2889C1}.Release|Any CPU.Build.0 = Release|Any CPU
	EndGlobalSection
	GlobalSection(SolutionProperties) = preSolution
		HideSolutionNode = FALSE
	EndGlobalSection
	GlobalSection(ExtensibilityGlobals) = postSolution
		SolutionGuid = {869F3DB2-9C13-44A0-84DA-A2C5D49C7AA0}
	EndGlobalSection
EndGlobal
